
Microsoft Visual Studio Solution File, Format Version 12.00
# Visual Studio Version 16
VisualStudioVersion = 16.0.31410.357
MinimumVisualStudioVersion = 10.0.40219.1
Project("{8BC9CEB8-8B4A-11D0-8D11-00A0C91BC942}") = "imuFBTServerBackend", "imuFBTServerBackend.vcxproj", "{0F6B1E01-A4D1-4916-A8D2-12EC300EF95C}"
EndProject
Global
	GlobalSection(SolutionConfigurationPlatforms) = preSolution
		Debug|x64 = Debug|x64
		Debug|x86 = Debug|x86
		Release|x64 = Release|x64
		Release|x86 = Release|x86
	EndGlobalSection
	GlobalSection(ProjectConfigurationPlatforms) = postSolution
		{0F6B1E01-A4D1-4916-A8D2-12EC300EF95C}.Debug|x64.ActiveCfg = Debug|x64
		{0F6B1E01-A4D1-4916-A8D2-12EC300EF95C}.Debug|x64.Build.0 = Debug|x64
		{0F6B1E01-A4D1-4916-A8D2-12EC300EF95C}.Debug|x86.ActiveCfg = Debug|Win32
		{0F6B1E01-A4D1-4916-A8D2-12EC300EF95C}.Debug|x86.Build.0 = Debug|Win32
		{0F6B1E01-A4D1-4916-A8D2-12EC300EF95C}.Release|x64.ActiveCfg = Release|x64
		{0F6B1E01-A4D1-4916-A8D2-12EC300EF95C}.Release|x64.Build.0 = Release|x64
		{0F6B1E01-A4D1-4916-A8D2-12EC300EF95C}.Release|x86.ActiveCfg = Release|Win32
		{0F6B1E01-A4D1-4916-A8D2-12EC300EF95C}.Release|x86.Build.0 = Release|Win32
	EndGlobalSection
	GlobalSection(SolutionProperties) = preSolution
		HideSolutionNode = FALSE
	EndGlobalSection
	GlobalSection(ExtensibilityGlobals) = postSolution
		SolutionGuid = {4CAB28FE-0473-4ECB-96D5-1E94BBCA0C44}
	EndGlobalSection
EndGlobal
